
Microsoft Visual Studio Solution File, Format Version 12.00
# Visual Studio Version 17
VisualStudioVersion = 17.11.35327.3
MinimumVisualStudioVersion = 10.0.40219.1
Project("{FAE04EC0-301F-11D3-BF4B-00C04F79EFBC}") = "ControleCaixaWeb", "ControleCaixa\ControleCaixaWeb.csproj", "{4B65CCF6-925A-4EF6-8A1F-E490A94F4E1E}"
EndProject
Project("{FAE04EC0-301F-11D3-BF4B-00C04F79EFBC}") = "ControleCaixaDomain", "ControleCaixaDomain\ControleCaixaDomain.csproj", "{A201B642-757D-4C3B-9B4E-D4E980FECB4A}"
EndProject
Project("{FAE04EC0-301F-11D3-BF4B-00C04F79EFBC}") = "ControleCaixaRepository", "ControleCaixaRepository\ControleCaixaRepository.csproj", "{1C625E49-9FB8-497F-9D66-7FEEA198BD1C}"
EndProject
Project("{FAE04EC0-301F-11D3-BF4B-00C04F79EFBC}") = "ControleCaixaService", "ControleCaixaService\ControleCaixaService.csproj", "{A06D77E6-B515-44FA-A0F8-786AF9131A26}"
EndProject
Project("{FAE04EC0-301F-11D3-BF4B-00C04F79EFBC}") = "ControleCaixaTestes", "ControleCaixaTestes\ControleCaixaTestes.csproj", "{888B7A3D-630A-432E-B0FB-73E390E5E6B9}"
EndProject
Global
	GlobalSection(SolutionConfigurationPlatforms) = preSolution
		Debug|Any CPU = Debug|Any CPU
		Release|Any CPU = Release|Any CPU
	EndGlobalSection
	GlobalSection(ProjectConfigurationPlatforms) = postSolution
		{4B65CCF6-925A-4EF6-8A1F-E490A94F4E1E}.Debug|Any CPU.ActiveCfg = Debug|Any CPU
		{4B65CCF6-925A-4EF6-8A1F-E490A94F4E1E}.Debug|Any CPU.Build.0 = Debug|Any CPU
		{4B65CCF6-925A-4EF6-8A1F-E490A94F4E1E}.Release|Any CPU.ActiveCfg = Release|Any CPU
		{4B65CCF6-925A-4EF6-8A1F-E490A94F4E1E}.Release|Any CPU.Build.0 = Release|Any CPU
		{A201B642-757D-4C3B-9B4E-D4E980FECB4A}.Debug|Any CPU.ActiveCfg = Debug|Any CPU
		{A201B642-757D-4C3B-9B4E-D4E980FECB4A}.Debug|Any CPU.Build.0 = Debug|Any CPU
		{A201B642-757D-4C3B-9B4E-D4E980FECB4A}.Release|Any CPU.ActiveCfg = Release|Any CPU
		{A201B642-757D-4C3B-9B4E-D4E980FECB4A}.Release|Any CPU.Build.0 = Release|Any CPU
		{1C625E49-9FB8-497F-9D66-7FEEA198BD1C}.Debug|Any CPU.ActiveCfg = Debug|Any CPU
		{1C625E49-9FB8-497F-9D66-7FEEA198BD1C}.Debug|Any CPU.Build.0 = Debug|Any CPU
		{1C625E49-9FB8-497F-9D66-7FEEA198BD1C}.Release|Any CPU.ActiveCfg = Release|Any CPU
		{1C625E49-9FB8-497F-9D66-7FEEA198BD1C}.Release|Any CPU.Build.0 = Release|Any CPU
		{A06D77E6-B515-44FA-A0F8-786AF9131A26}.Debug|Any CPU.ActiveCfg = Debug|Any CPU
		{A06D77E6-B515-44FA-A0F8-786AF9131A26}.Debug|Any CPU.Build.0 = Debug|Any CPU
		{A06D77E6-B515-44FA-A0F8-786AF9131A26}.Release|Any CPU.ActiveCfg = Release|Any CPU
		{A06D77E6-B515-44FA-A0F8-786AF9131A26}.Release|Any CPU.Build.0 = Release|Any CPU
		{888B7A3D-630A-432E-B0FB-73E390E5E6B9}.Debug|Any CPU.ActiveCfg = Debug|Any CPU
		{888B7A3D-630A-432E-B0FB-73E390E5E6B9}.Debug|Any CPU.Build.0 = Debug|Any CPU
		{888B7A3D-630A-432E-B0FB-73E390E5E6B9}.Release|Any CPU.ActiveCfg = Release|Any CPU
		{888B7A3D-630A-432E-B0FB-73E390E5E6B9}.Release|Any CPU.Build.0 = Release|Any CPU
	EndGlobalSection
	GlobalSection(SolutionProperties) = preSolution
		HideSolutionNode = FALSE
	EndGlobalSection
	GlobalSection(ExtensibilityGlobals) = postSolution
		SolutionGuid = {BAC0B53D-3C92-4295-A210-558D1F43CCCB}
	EndGlobalSection
EndGlobal
